{
  "pins" : [
    {
      "identity" : "combinecocoa",
      "kind" : "remoteSourceControl",
      "location" : "https://github.com/CombineCommunity/CombineCocoa",
      "state" : {
        "revision" : "749c16693b3a6fa1af2b95256fda734e7ec2258b",
        "version" : "0.2.2"
      }
    },
    {
      "identity" : "nuke",
      "kind" : "remoteSourceControl",
      "location" : "https://github.com/kean/Nuke",
      "state" : {
        "revision" : "8e0f42d1d9f30d816f3c565aa6193d9363325157",
        "version" : "9.6.0"
      }
    },
    {
      "identity" : "resty",
      "kind" : "remoteSourceControl",
      "location" : "https://github.com/markmals/Resty",
      "state" : {
        "revision" : "17c867457b58aaf1c354cc30f34f6b2e8e770274",
        "version" : "0.2.11"
      }
    },
    {
      "identity" : "snapkit",
      "kind" : "remoteSourceControl",
      "location" : "https://github.com/SnapKit/SnapKit",
      "state" : {
        "revision" : "f222cbdf325885926566172f6f5f06af95473158",
        "version" : "5.6.0"
      }
    }
  ],
  "version" : 2
}
